
Microsoft Visual Studio Solution File, Format Version 12.00
# Visual Studio 15
VisualStudioVersion = 15.0.26430.6
MinimumVisualStudioVersion = 10.0.40219.1
Project("{151D2E53-A2C4-4D7D-83FE-D05416EBD58E}") = "PoolsideChat", "PoolsideChat\PoolsideChat.deployproj", "{10327D22-98A8-4372-B443-24B9B20DEFF3}"
EndProject
Project("{2150E333-8FDC-42A3-9474-1A3956D46DE8}") = "ARM Deployment", "ARM Deployment", "{4EB7E5C1-26BB-4275-AC52-A0FDE5E47B77}"
EndProject
Project("{2150E333-8FDC-42A3-9474-1A3956D46DE8}") = "App Services", "App Services", "{E41E0BAA-CCE9-4783-8844-293046221012}"
EndProject
Project("{2150E333-8FDC-42A3-9474-1A3956D46DE8}") = "Web Jobs", "Web Jobs", "{5DFCB38D-19B0-4EC3-B0B7-7C781ACA56D6}"
EndProject
Project("{2150E333-8FDC-42A3-9474-1A3956D46DE8}") = "Web Apps", "Web Apps", "{47CC8F16-D30C-4BCF-82E6-156FB651095C}"
EndProject
Project("{FAE04EC0-301F-11D3-BF4B-00C04F79EFBC}") = "MessageProcessor", "MessageProcessor\MessageProcessor.csproj", "{C4726FE8-6549-44C9-8FC7-6CB46BB72D13}"
EndProject
Project("{FAE04EC0-301F-11D3-BF4B-00C04F79EFBC}") = "ChatWebApp", "ChatWebApp\ChatWebApp.csproj", "{3476A98D-768B-4201-8840-07773E54222D}"
EndProject
Global
	GlobalSection(SolutionConfigurationPlatforms) = preSolution
		Debug|Any CPU = Debug|Any CPU
		Release|Any CPU = Release|Any CPU
	EndGlobalSection
	GlobalSection(ProjectConfigurationPlatforms) = postSolution
		{10327D22-98A8-4372-B443-24B9B20DEFF3}.Debug|Any CPU.ActiveCfg = Debug|Any CPU
		{10327D22-98A8-4372-B443-24B9B20DEFF3}.Debug|Any CPU.Build.0 = Debug|Any CPU
		{10327D22-98A8-4372-B443-24B9B20DEFF3}.Release|Any CPU.ActiveCfg = Release|Any CPU
		{10327D22-98A8-4372-B443-24B9B20DEFF3}.Release|Any CPU.Build.0 = Release|Any CPU
		{C4726FE8-6549-44C9-8FC7-6CB46BB72D13}.Debug|Any CPU.ActiveCfg = Debug|Any CPU
		{C4726FE8-6549-44C9-8FC7-6CB46BB72D13}.Debug|Any CPU.Build.0 = Debug|Any CPU
		{C4726FE8-6549-44C9-8FC7-6CB46BB72D13}.Release|Any CPU.ActiveCfg = Release|Any CPU
		{C4726FE8-6549-44C9-8FC7-6CB46BB72D13}.Release|Any CPU.Build.0 = Release|Any CPU
		{3476A98D-768B-4201-8840-07773E54222D}.Debug|Any CPU.ActiveCfg = Debug|Any CPU
		{3476A98D-768B-4201-8840-07773E54222D}.Debug|Any CPU.Build.0 = Debug|Any CPU
		{3476A98D-768B-4201-8840-07773E54222D}.Release|Any CPU.ActiveCfg = Release|Any CPU
		{3476A98D-768B-4201-8840-07773E54222D}.Release|Any CPU.Build.0 = Release|Any CPU
	EndGlobalSection
	GlobalSection(SolutionProperties) = preSolution
		HideSolutionNode = FALSE
	EndGlobalSection
	GlobalSection(NestedProjects) = preSolution
		{10327D22-98A8-4372-B443-24B9B20DEFF3} = {4EB7E5C1-26BB-4275-AC52-A0FDE5E47B77}
		{5DFCB38D-19B0-4EC3-B0B7-7C781ACA56D6} = {E41E0BAA-CCE9-4783-8844-293046221012}
		{47CC8F16-D30C-4BCF-82E6-156FB651095C} = {E41E0BAA-CCE9-4783-8844-293046221012}
		{C4726FE8-6549-44C9-8FC7-6CB46BB72D13} = {5DFCB38D-19B0-4EC3-B0B7-7C781ACA56D6}
		{3476A98D-768B-4201-8840-07773E54222D} = {47CC8F16-D30C-4BCF-82E6-156FB651095C}
	EndGlobalSection
EndGlobal
